// !$*UTF8*$!
{
	archiveVersion = 1;
	classes = {
	};
	objectVersion = 51;
	objects = {

/* Begin PBXBuildFile section */
		2F50B77024F84BDB00328E27 /* ItemArticleCell.swift in Sources */ = {isa = PBXBuildFile; fileRef = 2F50B76E24F84BDB00328E27 /* ItemArticleCell.swift */; };
		2F50B77124F84BDB00328E27 /* ItemArticleCell.xib in Resources */ = {isa = PBXBuildFile; fileRef = 2F50B76F24F84BDB00328E27 /* ItemArticleCell.xib */; };
		2F50B77424F85BB700328E27 /* Constants.swift in Sources */ = {isa = PBXBuildFile; fileRef = 2F50B77324F85BB700328E27 /* Constants.swift */; };
		2FB2ECE224EE963A00E04D16 /* AppDelegate.swift in Sources */ = {isa = PBXBuildFile; fileRef = 2FB2ECE124EE963A00E04D16 /* AppDelegate.swift */; };
		2FB2ECE424EE963A00E04D16 /* SceneDelegate.swift in Sources */ = {isa = PBXBuildFile; fileRef = 2FB2ECE324EE963A00E04D16 /* SceneDelegate.swift */; };
		2FB2ECE924EE963A00E04D16 /* Main.storyboard in Resources */ = {isa = PBXBuildFile; fileRef = 2FB2ECE724EE963A00E04D16 /* Main.storyboard */; };
		2FB2ECEB24EE963E00E04D16 /* Assets.xcassets in Resources */ = {isa = PBXBuildFile; fileRef = 2FB2ECEA24EE963E00E04D16 /* Assets.xcassets */; };
		2FB2ECEE24EE963E00E04D16 /* LaunchScreen.storyboard in Resources */ = {isa = PBXBuildFile; fileRef = 2FB2ECEC24EE963E00E04D16 /* LaunchScreen.storyboard */; };
		2FB2ECF924EE9ACE00E04D16 /* NewsViewController.swift in Sources */ = {isa = PBXBuildFile; fileRef = 2FB2ECF824EE9ACE00E04D16 /* NewsViewController.swift */; };
		2FB2ECFB24EE9AE500E04D16 /* PodcastViewController.swift in Sources */ = {isa = PBXBuildFile; fileRef = 2FB2ECFA24EE9AE500E04D16 /* PodcastViewController.swift */; };
		2FB2ECFD24EE9AF800E04D16 /* ProgramViewController.swift in Sources */ = {isa = PBXBuildFile; fileRef = 2FB2ECFC24EE9AF800E04D16 /* ProgramViewController.swift */; };
		2FB2ECFF24EE9B0500E04D16 /* PlusViewController.swift in Sources */ = {isa = PBXBuildFile; fileRef = 2FB2ECFE24EE9B0500E04D16 /* PlusViewController.swift */; };
		2FB2ED0124EEAA1E00E04D16 /* DirectViewController.swift in Sources */ = {isa = PBXBuildFile; fileRef = 2FB2ED0024EEAA1E00E04D16 /* DirectViewController.swift */; };
		324F2B4ED2596C9E66FEBB4B /* Pods_Foly_FM.framework in Frameworks */ = {isa = PBXBuildFile; fileRef = 486A9E05A987B899029791D4 /* Pods_Foly_FM.framework */; };
/* End PBXBuildFile section */

/* Begin PBXFileReference section */
		2F50B76E24F84BDB00328E27 /* ItemArticleCell.swift */ = {isa = PBXFileReference; lastKnownFileType = sourcecode.swift; path = ItemArticleCell.swift; sourceTree = "<group>"; };
		2F50B76F24F84BDB00328E27 /* ItemArticleCell.xib */ = {isa = PBXFileReference; lastKnownFileType = file.xib; path = ItemArticleCell.xib; sourceTree = "<group>"; };
		2F50B77324F85BB700328E27 /* Constants.swift */ = {isa = PBXFileReference; lastKnownFileType = sourcecode.swift; path = Constants.swift; sourceTree = "<group>"; };
		2FB2ECDE24EE963900E04D16 /* Foly FM.app */ = {isa = PBXFileReference; explicitFileType = wrapper.application; includeInIndex = 0; path = "Foly FM.app"; sourceTree = BUILT_PRODUCTS_DIR; };
		2FB2ECE124EE963A00E04D16 /* AppDelegate.swift */ = {isa = PBXFileReference; lastKnownFileType = sourcecode.swift; path = AppDelegate.swift; sourceTree = "<group>"; };
		2FB2ECE324EE963A00E04D16 /* SceneDelegate.swift */ = {isa = PBXFileReference; lastKnownFileType = sourcecode.swift; path = SceneDelegate.swift; sourceTree = "<group>"; };
		2FB2ECE824EE963A00E04D16 /* Base */ = {isa = PBXFileReference; lastKnownFileType = file.storyboard; name = Base; path = Base.lproj/Main.storyboard; sourceTree = "<group>"; };
		2FB2ECEA24EE963E00E04D16 /* Assets.xcassets */ = {isa = PBXFileReference; lastKnownFileType = folder.assetcatalog; path = Assets.xcassets; sourceTree = "<group>"; };
		2FB2ECED24EE963E00E04D16 /* Base */ = {isa = PBXFileReference; lastKnownFileType = file.storyboard; name = Base; path = Base.lproj/LaunchScreen.storyboard; sourceTree = "<group>"; };
		2FB2ECEF24EE963E00E04D16 /* Info.plist */ = {isa = PBXFileReference; lastKnownFileType = text.plist.xml; path = Info.plist; sourceTree = "<group>"; };
		2FB2ECF824EE9ACE00E04D16 /* NewsViewController.swift */ = {isa = PBXFileReference; lastKnownFileType = sourcecode.swift; path = NewsViewController.swift; sourceTree = "<group>"; };
		2FB2ECFA24EE9AE500E04D16 /* PodcastViewController.swift */ = {isa = PBXFileReference; lastKnownFileType = sourcecode.swift; path = PodcastViewController.swift; sourceTree = "<group>"; };
		2FB2ECFC24EE9AF800E04D16 /* ProgramViewController.swift */ = {isa = PBXFileReference; lastKnownFileType = sourcecode.swift; path = ProgramViewController.swift; sourceTree = "<group>"; };
		2FB2ECFE24EE9B0500E04D16 /* PlusViewController.swift */ = {isa = PBXFileReference; lastKnownFileType = sourcecode.swift; path = PlusViewController.swift; sourceTree = "<group>"; };
		2FB2ED0024EEAA1E00E04D16 /* DirectViewController.swift */ = {isa = PBXFileReference; lastKnownFileType = sourcecode.swift; path = DirectViewController.swift; sourceTree = "<group>"; };
		486A9E05A987B899029791D4 /* Pods_Foly_FM.framework */ = {isa = PBXFileReference; explicitFileType = wrapper.framework; includeInIndex = 0; path = Pods_Foly_FM.framework; sourceTree = BUILT_PRODUCTS_DIR; };
		4DA2F199E23C9E56D8AD1175 /* Pods-Foly FM.release.xcconfig */ = {isa = PBXFileReference; includeInIndex = 1; lastKnownFileType = text.xcconfig; name = "Pods-Foly FM.release.xcconfig"; path = "Target Support Files/Pods-Foly FM/Pods-Foly FM.release.xcconfig"; sourceTree = "<group>"; };
		7F7B22BC4A2AAF53AC370519 /* Pods-Foly FM.debug.xcconfig */ = {isa = PBXFileReference; includeInIndex = 1; lastKnownFileType = text.xcconfig; name = "Pods-Foly FM.debug.xcconfig"; path = "Target Support Files/Pods-Foly FM/Pods-Foly FM.debug.xcconfig"; sourceTree = "<group>"; };
/* End PBXFileReference section */

/* Begin PBXFrameworksBuildPhase section */
		2FB2ECDB24EE963900E04D16 /* Frameworks */ = {
			isa = PBXFrameworksBuildPhase;
			buildActionMask = 2147483647;
			files = (
				324F2B4ED2596C9E66FEBB4B /* Pods_Foly_FM.framework in Frameworks */,
			);
			runOnlyForDeploymentPostprocessing = 0;
		};
/* End PBXFrameworksBuildPhase section */

/* Begin PBXGroup section */
		00C133DBB0156838F7850806 /* Pods */ = {
			isa = PBXGroup;
			children = (
				7F7B22BC4A2AAF53AC370519 /* Pods-Foly FM.debug.xcconfig */,
				4DA2F199E23C9E56D8AD1175 /* Pods-Foly FM.release.xcconfig */,
			);
			path = Pods;
			sourceTree = "<group>";
		};
		2F50B77224F85B6200328E27 /* Utils */ = {
			isa = PBXGroup;
			children = (
				2F50B77324F85BB700328E27 /* Constants.swift */,
			);
			path = Utils;
			sourceTree = "<group>";
		};
		2FB2ECD524EE963900E04D16 = {
			isa = PBXGroup;
			children = (
				2FB2ECE024EE963900E04D16 /* Foly FM */,
				2FB2ECDF24EE963900E04D16 /* Products */,
				00C133DBB0156838F7850806 /* Pods */,
				6B1629CECB8A97F6DC65793D /* Frameworks */,
			);
			sourceTree = "<group>";
		};
		2FB2ECDF24EE963900E04D16 /* Products */ = {
			isa = PBXGroup;
			children = (
				2FB2ECDE24EE963900E04D16 /* Foly FM.app */,
			);
			name = Products;
			sourceTree = "<group>";
		};
		2FB2ECE024EE963900E04D16 /* Foly FM */ = {
			isa = PBXGroup;
			children = (
				2F50B77224F85B6200328E27 /* Utils */,
				2FB2ECF724EE99F800E04D16 /* Models */,
				2FB2ECE124EE963A00E04D16 /* AppDelegate.swift */,
				2FB2ECE324EE963A00E04D16 /* SceneDelegate.swift */,
				2FB2ECF624EE96C400E04D16 /* Controllers */,
				2FB2ECF524EE96B300E04D16 /* Views */,
				2FB2ECEA24EE963E00E04D16 /* Assets.xcassets */,
				2FB2ECEC24EE963E00E04D16 /* LaunchScreen.storyboard */,
				2FB2ECEF24EE963E00E04D16 /* Info.plist */,
			);
			path = "Foly FM";
			sourceTree = "<group>";
		};
		2FB2ECF524EE96B300E04D16 /* Views */ = {
			isa = PBXGroup;
			children = (
				2FB2ECE724EE963A00E04D16 /* Main.storyboard */,
				2F50B76E24F84BDB00328E27 /* ItemArticleCell.swift */,
				2F50B76F24F84BDB00328E27 /* ItemArticleCell.xib */,
			);
			path = Views;
			sourceTree = "<group>";
		};
		2FB2ECF624EE96C400E04D16 /* Controllers */ = {
			isa = PBXGroup;
			children = (
				2FB2ECF824EE9ACE00E04D16 /* NewsViewController.swift */,
				2FB2ECFA24EE9AE500E04D16 /* PodcastViewController.swift */,
				2FB2ECFC24EE9AF800E04D16 /* ProgramViewController.swift */,
				2FB2ECFE24EE9B0500E04D16 /* PlusViewController.swift */,
				2FB2ED0024EEAA1E00E04D16 /* DirectViewController.swift */,
			);
			path = Controllers;
			sourceTree = "<group>";
		};
		2FB2ECF724EE99F800E04D16 /* Models */ = {
			isa = PBXGroup;
			children = (
			);
			path = Models;
			sourceTree = "<group>";
		};
		6B1629CECB8A97F6DC65793D /* Frameworks */ = {
			isa = PBXGroup;
			children = (
				486A9E05A987B899029791D4 /* Pods_Foly_FM.framework */,
			);
			name = Frameworks;
			sourceTree = "<group>";
		};
/* End PBXGroup section */

/* Begin PBXNativeTarget section */
		2FB2ECDD24EE963900E04D16 /* Foly FM */ = {
			isa = PBXNativeTarget;
			buildConfigurationList = 2FB2ECF224EE963E00E04D16 /* Build configuration list for PBXNativeTarget "Foly FM" */;
			buildPhases = (
				F7B5373917782121017233D4 /* [CP] Check Pods Manifest.lock */,
				2FB2ECDA24EE963900E04D16 /* Sources */,
				2FB2ECDB24EE963900E04D16 /* Frameworks */,
				2FB2ECDC24EE963900E04D16 /* Resources */,
				72AF4FDCD5862053DC2F3874 /* [CP] Embed Pods Frameworks */,
			);
			buildRules = (
			);
			dependencies = (
			);
			name = "Foly FM";
			productName = "Foly FM";
			productReference = 2FB2ECDE24EE963900E04D16 /* Foly FM.app */;
			productType = "com.apple.product-type.application";
		};
/* End PBXNativeTarget section */

/* Begin PBXProject section */
		2FB2ECD624EE963900E04D16 /* Project object */ = {
			isa = PBXProject;
			attributes = {
				LastSwiftUpdateCheck = 1130;
				LastUpgradeCheck = 1130;
				ORGANIZATIONNAME = "Ja'Ch Technologies";
				TargetAttributes = {
					2FB2ECDD24EE963900E04D16 = {
						CreatedOnToolsVersion = 11.3.1;
					};
				};
			};
			buildConfigurationList = 2FB2ECD924EE963900E04D16 /* Build configuration list for PBXProject "Foly FM" */;
			compatibilityVersion = "Xcode 9.3";
			developmentRegion = en;
			hasScannedForEncodings = 0;
			knownRegions = (
				en,
				Base,
			);
			mainGroup = 2FB2ECD524EE963900E04D16;
			productRefGroup = 2FB2ECDF24EE963900E04D16 /* Products */;
			projectDirPath = "";
			projectRoot = "";
			targets = (
				2FB2ECDD24EE963900E04D16 /* Foly FM */,
			);
		};
/* End PBXProject section */

/* Begin PBXResourcesBuildPhase section */
		2FB2ECDC24EE963900E04D16 /* Resources */ = {
			isa = PBXResourcesBuildPhase;
			buildActionMask = 2147483647;
			files = (
				2FB2ECEE24EE963E00E04D16 /* LaunchScreen.storyboard in Resources */,
				2FB2ECEB24EE963E00E04D16 /* Assets.xcassets in Resources */,
				2FB2ECE924EE963A00E04D16 /* Main.storyboard in Resources */,
				2F50B77124F84BDB00328E27 /* ItemArticleCell.xib in Resources */,
			);
			runOnlyForDeploymentPostprocessing = 0;
		};
/* End PBXResourcesBuildPhase section */

/* Begin PBXShellScriptBuildPhase section */
		72AF4FDCD5862053DC2F3874 /* [CP] Embed Pods Frameworks */ = {
			isa = PBXShellScriptBuildPhase;
			buildActionMask = 2147483647;
			files = (
			);
			inputFileListPaths = (
				"${PODS_ROOT}/Target Support Files/Pods-Foly FM/Pods-Foly FM-frameworks-${CONFIGURATION}-input-files.xcfilelist",
			);
			name = "[CP] Embed Pods Frameworks";
			outputFileListPaths = (
				"${PODS_ROOT}/Target Support Files/Pods-Foly FM/Pods-Foly FM-frameworks-${CONFIGURATION}-output-files.xcfilelist",
			);
			runOnlyForDeploymentPostprocessing = 0;
			shellPath = /bin/sh;
			shellScript = "\"${PODS_ROOT}/Target Support Files/Pods-Foly FM/Pods-Foly FM-frameworks.sh\"\n";
			showEnvVarsInLog = 0;
		};
		F7B5373917782121017233D4 /* [CP] Check Pods Manifest.lock */ = {
			isa = PBXShellScriptBuildPhase;
			buildActionMask = 2147483647;
			files = (
			);
			inputFileListPaths = (
			);
			inputPaths = (
				"${PODS_PODFILE_DIR_PATH}/Podfile.lock",
				"${PODS_ROOT}/Manifest.lock",
			);
			name = "[CP] Check Pods Manifest.lock";
			outputFileListPaths = (
			);
			outputPaths = (
				"$(DERIVED_FILE_DIR)/Pods-Foly FM-checkManifestLockResult.txt",
			);
			runOnlyForDeploymentPostprocessing = 0;
			shellPath = /bin/sh;
			shellScript = "diff \"${PODS_PODFILE_DIR_PATH}/Podfile.lock\" \"${PODS_ROOT}/Manifest.lock\" > /dev/null\nif [ $? != 0 ] ; then\n    # print error to STDERR\n    echo \"error: The sandbox is not in sync with the Podfile.lock. Run 'pod install' or update your CocoaPods installation.\" >&2\n    exit 1\nfi\n# This output is used by Xcode 'outputs' to avoid re-running this script phase.\necho \"SUCCESS\" > \"${SCRIPT_OUTPUT_FILE_0}\"\n";
			showEnvVarsInLog = 0;
		};
/* End PBXShellScriptBuildPhase section */

/* Begin PBXSourcesBuildPhase section */
		2FB2ECDA24EE963900E04D16 /* Sources */ = {
			isa = PBXSourcesBuildPhase;
			buildActionMask = 2147483647;
			files = (
				2FB2ECFF24EE9B0500E04D16 /* PlusViewController.swift in Sources */,
				2FB2ECE224EE963A00E04D16 /* AppDelegate.swift in Sources */,
				2FB2ED0124EEAA1E00E04D16 /* DirectViewController.swift in Sources */,
				2F50B77024F84BDB00328E27 /* ItemArticleCell.swift in Sources */,
				2FB2ECFB24EE9AE500E04D16 /* PodcastViewController.swift in Sources */,
				2FB2ECE424EE963A00E04D16 /* SceneDelegate.swift in Sources */,
				2FB2ECF924EE9ACE00E04D16 /* NewsViewController.swift in Sources */,
				2FB2ECFD24EE9AF800E04D16 /* ProgramViewController.swift in Sources */,
				2F50B77424F85BB700328E27 /* Constants.swift in Sources */,
			);
			runOnlyForDeploymentPostprocessing = 0;
		};
/* End PBXSourcesBuildPhase section */

/* Begin PBXVariantGroup section */
		2FB2ECE724EE963A00E04D16 /* Main.storyboard */ = {
			isa = PBXVariantGroup;
			children = (
				2FB2ECE824EE963A00E04D16 /* Base */,
			);
			name = Main.storyboard;
			sourceTree = "<group>";
		};
		2FB2ECEC24EE963E00E04D16 /* LaunchScreen.storyboard */ = {
			isa = PBXVariantGroup;
			children = (
				2FB2ECED24EE963E00E04D16 /* Base */,
			);
			name = LaunchScreen.storyboard;
			sourceTree = "<group>";
		};
/* End PBXVariantGroup section */

/* Begin XCBuildConfiguration section */
		2FB2ECF024EE963E00E04D16 /* Debug */ = {
			isa = XCBuildConfiguration;
			buildSettings = {
				ALWAYS_SEARCH_USER_PATHS = NO;
				CLANG_ANALYZER_NONNULL = YES;
				CLANG_ANALYZER_NUMBER_OBJECT_CONVERSION = YES_AGGRESSIVE;
				CLANG_CXX_LANGUAGE_STANDARD = "gnu++14";
				CLANG_CXX_LIBRARY = "libc++";
				CLANG_ENABLE_MODULES = YES;
				CLANG_ENABLE_OBJC_ARC = YES;
				CLANG_ENABLE_OBJC_WEAK = YES;
				CLANG_WARN_BLOCK_CAPTURE_AUTORELEASING = YES;
				CLANG_WARN_BOOL_CONVERSION = YES;
				CLANG_WARN_COMMA = YES;
				CLANG_WARN_CONSTANT_CONVERSION = YES;
				CLANG_WARN_DEPRECATED_OBJC_IMPLEMENTATIONS = YES;
				CLANG_WARN_DIRECT_OBJC_ISA_USAGE = YES_ERROR;
				CLANG_WARN_DOCUMENTATION_COMMENTS = YES;
				CLANG_WARN_EMPTY_BODY = YES;
				CLANG_WARN_ENUM_CONVERSION = YES;
				CLANG_WARN_INFINITE_RECURSION = YES;
				CLANG_WARN_INT_CONVERSION = YES;
				CLANG_WARN_NON_LITERAL_NULL_CONVERSION = YES;
				CLANG_WARN_OBJC_IMPLICIT_RETAIN_SELF = YES;
				CLANG_WARN_OBJC_LITERAL_CONVERSION = YES;
				CLANG_WARN_OBJC_ROOT_CLASS = YES_ERROR;
				CLANG_WARN_RANGE_LOOP_ANALYSIS = YES;
				CLANG_WARN_STRICT_PROTOTYPES = YES;
				CLANG_WARN_SUSPICIOUS_MOVE = YES;
				CLANG_WARN_UNGUARDED_AVAILABILITY = YES_AGGRESSIVE;
				CLANG_WARN_UNREACHABLE_CODE = YES;
				CLANG_WARN__DUPLICATE_METHOD_MATCH = YES;
				COPY_PHASE_STRIP = NO;
				DEBUG_INFORMATION_FORMAT = dwarf;
				ENABLE_STRICT_OBJC_MSGSEND = YES;
				ENABLE_TESTABILITY = YES;
				GCC_C_LANGUAGE_STANDARD = gnu11;
				GCC_DYNAMIC_NO_PIC = NO;
				GCC_NO_COMMON_BLOCKS = YES;
				GCC_OPTIMIZATION_LEVEL = 0;
				GCC_PREPROCESSOR_DEFINITIONS = (
					"DEBUG=1",
					"$(inherited)",
				);
				GCC_WARN_64_TO_32_BIT_CONVERSION = YES;
				GCC_WARN_ABOUT_RETURN_TYPE = YES_ERROR;
				GCC_WARN_UNDECLARED_SELECTOR = YES;
				GCC_WARN_UNINITIALIZED_AUTOS = YES_AGGRESSIVE;
				GCC_WARN_UNUSED_FUNCTION = YES;
				GCC_WARN_UNUSED_VARIABLE = YES;
				IPHONEOS_DEPLOYMENT_TARGET = 13.2;
				MTL_ENABLE_DEBUG_INFO = INCLUDE_SOURCE;
				MTL_FAST_MATH = YES;
				ONLY_ACTIVE_ARCH = YES;
				SDKROOT = iphoneos;
				SWIFT_ACTIVE_COMPILATION_CONDITIONS = DEBUG;
				SWIFT_OPTIMIZATION_LEVEL = "-Onone";
			};
			name = Debug;
		};
		2FB2ECF124EE963E00E04D16 /* Release */ = {
			isa = XCBuildConfiguration;
			buildSettings = {
				ALWAYS_SEARCH_USER_PATHS = NO;
				CLANG_ANALYZER_NONNULL = YES;
				CLANG_ANALYZER_NUMBER_OBJECT_CONVERSION = YES_AGGRESSIVE;
				CLANG_CXX_LANGUAGE_STANDARD = "gnu++14";
				CLANG_CXX_LIBRARY = "libc++";
				CLANG_ENABLE_MODULES = YES;
				CLANG_ENABLE_OBJC_ARC = YES;
				CLANG_ENABLE_OBJC_WEAK = YES;
				CLANG_WARN_BLOCK_CAPTURE_AUTORELEASING = YES;
				CLANG_WARN_BOOL_CONVERSION = YES;
				CLANG_WARN_COMMA = YES;
				CLANG_WARN_CONSTANT_CONVERSION = YES;
				CLANG_WARN_DEPRECATED_OBJC_IMPLEMENTATIONS = YES;
				CLANG_WARN_DIRECT_OBJC_ISA_USAGE = YES_ERROR;
				CLANG_WARN_DOCUMENTATION_COMMENTS = YES;
				CLANG_WARN_EMPTY_BODY = YES;
				CLANG_WARN_ENUM_CONVERSION = YES;
				CLANG_WARN_INFINITE_RECURSION = YES;
				CLANG_WARN_INT_CONVERSION = YES;
				CLANG_WARN_NON_LITERAL_NULL_CONVERSION = YES;
				CLANG_WARN_OBJC_IMPLICIT_RETAIN_SELF = YES;
				CLANG_WARN_OBJC_LITERAL_CONVERSION = YES;
				CLANG_WARN_OBJC_ROOT_CLASS = YES_ERROR;
				CLANG_WARN_RANGE_LOOP_ANALYSIS = YES;
				CLANG_WARN_STRICT_PROTOTYPES = YES;
				CLANG_WARN_SUSPICIOUS_MOVE = YES;
				CLANG_WARN_UNGUARDED_AVAILABILITY = YES_AGGRESSIVE;
				CLANG_WARN_UNREACHABLE_CODE = YES;
				CLANG_WARN__DUPLICATE_METHOD_MATCH = YES;
				COPY_PHASE_STRIP = NO;
				DEBUG_INFORMATION_FORMAT = "dwarf-with-dsym";
				ENABLE_NS_ASSERTIONS = NO;
				ENABLE_STRICT_OBJC_MSGSEND = YES;
				GCC_C_LANGUAGE_STANDARD = gnu11;
				GCC_NO_COMMON_BLOCKS = YES;
				GCC_WARN_64_TO_32_BIT_CONVERSION = YES;
				GCC_WARN_ABOUT_RETURN_TYPE = YES_ERROR;
				GCC_WARN_UNDECLARED_SELECTOR = YES;
				GCC_WARN_UNINITIALIZED_AUTOS = YES_AGGRESSIVE;
				GCC_WARN_UNUSED_FUNCTION = YES;
				GCC_WARN_UNUSED_VARIABLE = YES;
				IPHONEOS_DEPLOYMENT_TARGET = 13.2;
				MTL_ENABLE_DEBUG_INFO = NO;
				MTL_FAST_MATH = YES;
				SDKROOT = iphoneos;
				SWIFT_COMPILATION_MODE = wholemodule;
				SWIFT_OPTIMIZATION_LEVEL = "-O";
				VALIDATE_PRODUCT = YES;
			};
			name = Release;
		};
		2FB2ECF324EE963E00E04D16 /* Debug */ = {
			isa = XCBuildConfiguration;
			baseConfigurationReference = 7F7B22BC4A2AAF53AC370519 /* Pods-Foly FM.debug.xcconfig */;
			buildSettings = {
				ASSETCATALOG_COMPILER_APPICON_NAME = AppIcon;
				CODE_SIGN_STYLE = Automatic;
				INFOPLIST_FILE = "Foly FM/Info.plist";
				LD_RUNPATH_SEARCH_PATHS = (
					"$(inherited)",
					"@executable_path/Frameworks",
				);
				PRODUCT_BUNDLE_IDENTIFIER = "com.jachtechnologies.Foly-FM";
				PRODUCT_NAME = "$(TARGET_NAME)";
				SWIFT_VERSION = 5.0;
				TARGETED_DEVICE_FAMILY = "1,2";
			};
			name = Debug;
		};
		2FB2ECF424EE963E00E04D16 /* Release */ = {
			isa = XCBuildConfiguration;
			baseConfigurationReference = 4DA2F199E23C9E56D8AD1175 /* Pods-Foly FM.release.xcconfig */;
			buildSettings = {
				ASSETCATALOG_COMPILER_APPICON_NAME = AppIcon;
				CODE_SIGN_STYLE = Automatic;
				INFOPLIST_FILE = "Foly FM/Info.plist";
				LD_RUNPATH_SEARCH_PATHS = (
					"$(inherited)",
					"@executable_path/Frameworks",
				);
				PRODUCT_BUNDLE_IDENTIFIER = "com.jachtechnologies.Foly-FM";
				PRODUCT_NAME = "$(TARGET_NAME)";
				SWIFT_VERSION = 5.0;
				TARGETED_DEVICE_FAMILY = "1,2";
			};
			name = Release;
		};
/* End XCBuildConfiguration section */

/* Begin XCConfigurationList section */
		2FB2ECD924EE963900E04D16 /* Build configuration list for PBXProject "Foly FM" */ = {
			isa = XCConfigurationList;
			buildConfigurations = (
				2FB2ECF024EE963E00E04D16 /* Debug */,
				2FB2ECF124EE963E00E04D16 /* Release */,
			);
			defaultConfigurationIsVisible = 0;
			defaultConfigurationName = Release;
		};
		2FB2ECF224EE963E00E04D16 /* Build configuration list for PBXNativeTarget "Foly FM" */ = {
			isa = XCConfigurationList;
			buildConfigurations = (
				2FB2ECF324EE963E00E04D16 /* Debug */,
				2FB2ECF424EE963E00E04D16 /* Release */,
			);
			defaultConfigurationIsVisible = 0;
			defaultConfigurationName = Release;
		};
/* End XCConfigurationList section */
	};
	rootObject = 2FB2ECD624EE963900E04D16 /* Project object */;
}
